
Microsoft Visual Studio Solution File, Format Version 12.00
# Visual Studio Version 17
VisualStudioVersion = 17.3.32922.545
MinimumVisualStudioVersion = 10.0.40219.1
Project("{FAE04EC0-301F-11D3-BF4B-00C04F79EFBC}") = "Lesson7", "Lesson7.csproj", "{A16C57F8-CC87-41B5-AABE-55E8E23B3FF1}"
EndProject
Global
	GlobalSection(SolutionConfigurationPlatforms) = preSolution
		Debug|Any CPU = Debug|Any CPU
		Release|Any CPU = Release|Any CPU
	EndGlobalSection
	GlobalSection(ProjectConfigurationPlatforms) = postSolution
		{A16C57F8-CC87-41B5-AABE-55E8E23B3FF1}.Debug|Any CPU.ActiveCfg = Debug|Any CPU
		{A16C57F8-CC87-41B5-AABE-55E8E23B3FF1}.Debug|Any CPU.Build.0 = Debug|Any CPU
		{A16C57F8-CC87-41B5-AABE-55E8E23B3FF1}.Release|Any CPU.ActiveCfg = Release|Any CPU
		{A16C57F8-CC87-41B5-AABE-55E8E23B3FF1}.Release|Any CPU.Build.0 = Release|Any CPU
	EndGlobalSection
	GlobalSection(SolutionProperties) = preSolution
		HideSolutionNode = FALSE
	EndGlobalSection
	GlobalSection(ExtensibilityGlobals) = postSolution
		SolutionGuid = {CD03BF3C-291D-43EF-B357-007762DA878B}
	EndGlobalSection
EndGlobal
